version: 6
environments:
  default:
    channels:
    - url: https://conda.anaconda.org/conda-forge/
    packages:
      win-64:
      - conda: https://conda.anaconda.org/conda-forge/win-64/bzip2-1.0.8-h2466b09_7.conda
      - conda: https://conda.anaconda.org/conda-forge/win-64/ca-certificates-2025.1.31-h56e8100_0.conda
      - conda: https://conda.anaconda.org/conda-forge/noarch/filelock-3.18.0-pyhd8ed1ab_0.conda
      - conda: https://conda.anaconda.org/conda-forge/noarch/fsspec-2025.3.2-pyhd8ed1ab_0.conda
      - conda: https://conda.anaconda.org/conda-forge/win-64/intel-openmp-2024.2.1-h57928b3_1083.conda
      - conda: https://conda.anaconda.org/conda-forge/noarch/jinja2-3.1.6-pyhd8ed1ab_0.conda
      - conda: https://conda.anaconda.org/conda-forge/win-64/libabseil-20250127.1-cxx17_h4eb7d71_0.conda
      - conda: https://conda.anaconda.org/conda-forge/win-64/libblas-3.9.0-31_h641d27c_mkl.conda
      - conda: https://conda.anaconda.org/conda-forge/win-64/libcblas-3.9.0-31_h5e41251_mkl.conda
      - conda: https://conda.anaconda.org/conda-forge/win-64/libexpat-2.7.0-he0c23c2_0.conda
      - conda: https://conda.anaconda.org/conda-forge/win-64/libffi-3.4.6-h537db12_1.conda
      - conda: https://conda.anaconda.org/conda-forge/win-64/libhwloc-2.11.2-default_ha69328c_1001.conda
      - conda: https://conda.anaconda.org/conda-forge/win-64/libiconv-1.18-h135ad9c_1.conda
      - conda: https://conda.anaconda.org/conda-forge/win-64/liblapack-3.9.0-31_h1aa476e_mkl.conda
      - conda: https://conda.anaconda.org/conda-forge/win-64/liblzma-5.8.1-h2466b09_0.conda
      - conda: https://conda.anaconda.org/conda-forge/win-64/libmpdec-4.0.0-h2466b09_0.conda
      - conda: https://conda.anaconda.org/conda-forge/win-64/libprotobuf-5.29.3-he9d8c4a_0.conda
      - conda: https://conda.anaconda.org/conda-forge/win-64/libsqlite-3.49.1-h67fdade_2.conda
      - conda: https://conda.anaconda.org/conda-forge/win-64/libtorch-2.6.0-cpu_mkl_hf54a72f_104.conda
      - conda: https://conda.anaconda.org/conda-forge/win-64/libuv-1.50.0-h2466b09_0.conda
      - conda: https://conda.anaconda.org/conda-forge/win-64/libwinpthread-12.0.0.r4.gg4f2fc60ca-h57928b3_9.conda
      - conda: https://conda.anaconda.org/conda-forge/win-64/libxml2-2.13.7-h442d1da_1.conda
      - conda: https://conda.anaconda.org/conda-forge/win-64/libzlib-1.3.1-h2466b09_2.conda
      - conda: https://conda.anaconda.org/conda-forge/win-64/markupsafe-3.0.2-py313hb4c8b1a_1.conda
      - conda: https://conda.anaconda.org/conda-forge/win-64/mkl-2024.2.2-h66d3029_15.conda
      - conda: https://conda.anaconda.org/conda-forge/noarch/mpmath-1.3.0-pyhd8ed1ab_1.conda
      - conda: https://conda.anaconda.org/conda-forge/noarch/networkx-3.4.2-pyh267e887_2.conda
      - conda: https://conda.anaconda.org/conda-forge/win-64/numpy-2.2.4-py313hefb8edb_0.conda
      - conda: https://conda.anaconda.org/conda-forge/win-64/openssl-3.5.0-ha4e3fda_0.conda
      - conda: https://conda.anaconda.org/conda-forge/win-64/optree-0.15.0-py313h1ec8472_0.conda
      - conda: https://conda.anaconda.org/conda-forge/noarch/pixi-pycharm-0.0.8-win_1234567_0.conda
      - conda: https://conda.anaconda.org/conda-forge/noarch/pybind11-2.13.6-pyh1ec8472_2.conda
      - conda: https://conda.anaconda.org/conda-forge/noarch/pybind11-global-2.13.6-pyhab904b8_2.conda
      - conda: https://conda.anaconda.org/conda-forge/win-64/python-3.13.3-h261c0b1_100_cp313.conda
      - conda: https://conda.anaconda.org/conda-forge/win-64/python_abi-3.13-6_cp313.conda
      - conda: https://conda.anaconda.org/conda-forge/win-64/pytorch-2.6.0-cpu_mkl_py313_hec26e21_104.conda
      - conda: https://conda.anaconda.org/conda-forge/noarch/setuptools-75.8.2-pyhff2d567_0.conda
      - conda: https://conda.anaconda.org/conda-forge/win-64/sleef-3.8-h7e360cc_0.conda
      - conda: https://conda.anaconda.org/conda-forge/noarch/sympy-1.13.3-pyh04b8f61_5.conda
      - conda: https://conda.anaconda.org/conda-forge/win-64/tbb-2021.13.0-h62715c5_1.conda
      - conda: https://conda.anaconda.org/conda-forge/win-64/tk-8.6.13-h5226925_1.conda
      - conda: https://conda.anaconda.org/conda-forge/noarch/typing-extensions-4.13.2-h0e9735f_0.conda
      - conda: https://conda.anaconda.org/conda-forge/noarch/typing_extensions-4.13.2-pyh29332c3_0.conda
      - conda: https://conda.anaconda.org/conda-forge/noarch/tzdata-2025b-h78e105d_0.conda
      - conda: https://conda.anaconda.org/conda-forge/win-64/ucrt-10.0.22621.0-h57928b3_1.conda
      - conda: https://conda.anaconda.org/conda-forge/win-64/vc-14.3-h2b53caa_26.conda
      - conda: https://conda.anaconda.org/conda-forge/win-64/vc14_runtime-14.42.34438-hfd919c2_26.conda
packages:
- conda: https://conda.anaconda.org/conda-forge/win-64/bzip2-1.0.8-h2466b09_7.conda
  sha256: 35a5dad92e88fdd7fc405e864ec239486f4f31eec229e31686e61a140a8e573b
  md5: 276e7ffe9ffe39688abc665ef0f45596
  depends:
  - ucrt >=10.0.20348.0
  - vc >=14.2,<15
  - vc14_runtime >=14.29.30139
  license: bzip2-1.0.6
  license_family: BSD
  size: 54927
  timestamp: 1720974860185
- conda: https://conda.anaconda.org/conda-forge/win-64/ca-certificates-2025.1.31-h56e8100_0.conda
  sha256: 1bedccdf25a3bd782d6b0e57ddd97cdcda5501716009f2de4479a779221df155
  md5: 5304a31607974dfc2110dfbb662ed092
  license: ISC
  size: 158690
  timestamp: 1738298232550
- conda: https://conda.anaconda.org/conda-forge/noarch/filelock-3.18.0-pyhd8ed1ab_0.conda
  sha256: de7b6d4c4f865609ae88db6fa03c8b7544c2452a1aa5451eb7700aad16824570
  md5: 4547b39256e296bb758166893e909a7c
  depends:
  - python >=3.9
  license: Unlicense
  size: 17887
  timestamp: 1741969612334
- conda: https://conda.anaconda.org/conda-forge/noarch/fsspec-2025.3.2-pyhd8ed1ab_0.conda
  sha256: 2040d4640708bd6ab9ed6cb9901267441798c44974bc63c9b6c1cb4c1891d825
  md5: 9c40692c3d24c7aaf335f673ac09d308
  depends:
  - python >=3.9
  license: BSD-3-Clause
  license_family: BSD
  size: 142117
  timestamp: 1743437355974
- conda: https://conda.anaconda.org/conda-forge/win-64/intel-openmp-2024.2.1-h57928b3_1083.conda
  sha256: 0fd2b0b84c854029041b0ede8f4c2369242ee92acc0092f8407b1fe9238a8209
  md5: 2d89243bfb53652c182a7c73182cce4f
  license: LicenseRef-IntelSimplifiedSoftwareOct2022
  license_family: Proprietary
  size: 1852356
  timestamp: 1723739573141
- conda: https://conda.anaconda.org/conda-forge/noarch/jinja2-3.1.6-pyhd8ed1ab_0.conda
  sha256: f1ac18b11637ddadc05642e8185a851c7fab5998c6f5470d716812fae943b2af
  md5: 446bd6c8cb26050d528881df495ce646
  depends:
  - markupsafe >=2.0
  - python >=3.9
  license: BSD-3-Clause
  license_family: BSD
  size: 112714
  timestamp: 1741263433881
- conda: https://conda.anaconda.org/conda-forge/win-64/libabseil-20250127.1-cxx17_h4eb7d71_0.conda
  sha256: 61ece8d3768604eae2c7c869a5c032a61fbfb8eb86cc85dc39cc2de48d3827b4
  md5: 9619870922c18fa283a3ee703a14cfcc
  depends:
  - ucrt >=10.0.20348.0
  - vc >=14.2,<15
  - vc14_runtime >=14.29.30139
  constrains:
  - libabseil-static =20250127.1=cxx17*
  - abseil-cpp =20250127.1
  license: Apache-2.0
  license_family: Apache
  size: 1836732
  timestamp: 1742370096247
- conda: https://conda.anaconda.org/conda-forge/win-64/libblas-3.9.0-31_h641d27c_mkl.conda
  build_number: 31
  sha256: 7bb4d5b591e98fe607279520ee78e3571a297b5720aa789a2536041ad5540de8
  md5: d05563c577fe2f37693a554b3f271e8f
  depends:
  - mkl 2024.2.2 h66d3029_15
  constrains:
  - libcblas =3.9.0=31*_mkl
  - blas =2.131=mkl
  - liblapacke =3.9.0=31*_mkl
  - liblapack =3.9.0=31*_mkl
  license: BSD-3-Clause
  license_family: BSD
  size: 3733728
  timestamp: 1740088452830
- conda: https://conda.anaconda.org/conda-forge/win-64/libcblas-3.9.0-31_h5e41251_mkl.conda
  build_number: 31
  sha256: 609f455b099919bd4d15d4a733f493dc789e02da73fe4474f1cca73afafb95b8
  md5: 43c100b94ad2607382b0cf0f3a6b0bf3
  depends:
  - libblas 3.9.0 31_h641d27c_mkl
  constrains:
  - blas =2.131=mkl
  - liblapacke =3.9.0=31*_mkl
  - liblapack =3.9.0=31*_mkl
  license: BSD-3-Clause
  license_family: BSD
  size: 3733549
  timestamp: 1740088502127
- conda: https://conda.anaconda.org/conda-forge/win-64/libexpat-2.7.0-he0c23c2_0.conda
  sha256: 1a227c094a4e06bd54e8c2f3ec40c17ff99dcf3037d812294f842210aa66dbeb
  md5: b6f5352fdb525662f4169a0431d2dd7a
  depends:
  - ucrt >=10.0.20348.0
  - vc >=14.2,<15
  - vc14_runtime >=14.29.30139
  constrains:
  - expat 2.7.0.*
  license: MIT
  license_family: MIT
  size: 140896
  timestamp: 1743432122520
- conda: https://conda.anaconda.org/conda-forge/win-64/libffi-3.4.6-h537db12_1.conda
  sha256: d3b0b8812eab553d3464bbd68204f007f1ebadf96ce30eb0cbc5159f72e353f5
  md5: 85d8fa5e55ed8f93f874b3b23ed54ec6
  depends:
  - ucrt >=10.0.20348.0
  - vc >=14.2,<15
  - vc14_runtime >=14.29.30139
  license: MIT
  license_family: MIT
  size: 44978
  timestamp: 1743435053850
- conda: https://conda.anaconda.org/conda-forge/win-64/libhwloc-2.11.2-default_ha69328c_1001.conda
  sha256: 850e255997f538d5fb6ed651321141155a33bb781d43d326fc4ff62114dd2842
  md5: b87a0ac5ab6495d8225db5dc72dd21cd
  depends:
  - libwinpthread >=12.0.0.r4.gg4f2fc60ca
  - libxml2 >=2.13.4,<2.14.0a0
  - ucrt >=10.0.20348.0
  - vc >=14.2,<15
  - vc14_runtime >=14.29.30139
  license: BSD-3-Clause
  license_family: BSD
  size: 2390021
  timestamp: 1731375651179
- conda: https://conda.anaconda.org/conda-forge/win-64/libiconv-1.18-h135ad9c_1.conda
  sha256: ea5ed2b362b6dbc4ba7188eb4eaf576146e3dfc6f4395e9f0db76ad77465f786
  md5: 21fc5dba2cbcd8e5e26ff976a312122c
  depends:
  - ucrt >=10.0.20348.0
  - vc >=14.2,<15
  - vc14_runtime >=14.29.30139
  license: LGPL-2.1-only
  size: 638142
  timestamp: 1740128665984
- conda: https://conda.anaconda.org/conda-forge/win-64/liblapack-3.9.0-31_h1aa476e_mkl.conda
  build_number: 31
  sha256: 9415e807aa6f8968322bbd756aab8f487379d809c74266d37c697b8d85c534ad
  md5: 40b47ee720a185289760960fc6185750
  depends:
  - libblas 3.9.0 31_h641d27c_mkl
  constrains:
  - libcblas =3.9.0=31*_mkl
  - blas =2.131=mkl
  - liblapacke =3.9.0=31*_mkl
  license: BSD-3-Clause
  license_family: BSD
  size: 3732648
  timestamp: 1740088548986
- conda: https://conda.anaconda.org/conda-forge/win-64/liblzma-5.8.1-h2466b09_0.conda
  sha256: 1477e9bff05318f3129d37be0e64c76cce0973c4b8c73d13a467d0b7f03d157c
  md5: 8d5cb0016b645d6688e2ff57c5d51302
  depends:
  - ucrt >=10.0.20348.0
  - vc >=14.2,<15
  - vc14_runtime >=14.29.30139
  license: 0BSD
  size: 104682
  timestamp: 1743771561515
- conda: https://conda.anaconda.org/conda-forge/win-64/libmpdec-4.0.0-h2466b09_0.conda
  sha256: fc529fc82c7caf51202cc5cec5bb1c2e8d90edbac6d0a4602c966366efe3c7bf
  md5: 74860100b2029e2523cf480804c76b9b
  depends:
  - ucrt >=10.0.20348.0
  - vc >=14.2,<15
  - vc14_runtime >=14.29.30139
  license: BSD-2-Clause
  license_family: BSD
  size: 88657
  timestamp: 1723861474602
- conda: https://conda.anaconda.org/conda-forge/win-64/libprotobuf-5.29.3-he9d8c4a_0.conda
  sha256: 3dbc4a112ed617cd016710740104a688c59b2a77afba197b33bd4526bd12a497
  md5: 719c9c29a00e4199ad2eba91ce92fd8e
  depends:
  - libabseil * cxx17*
  - libabseil >=20250127.0,<20250128.0a0
  - libzlib >=1.3.1,<2.0a0
  - ucrt >=10.0.20348.0
  - vc >=14.2,<15
  - vc14_runtime >=14.29.30139
  license: BSD-3-Clause
  license_family: BSD
  size: 6794378
  timestamp: 1741127152394
- conda: https://conda.anaconda.org/conda-forge/win-64/libsqlite-3.49.1-h67fdade_2.conda
  sha256: c092d42d00fd85cf609cc58574ba2b03c141af5762283f36f5dd445ef7c0f4fe
  md5: b58b66d4ad1aaf1c2543cbbd6afb1a59
  depends:
  - ucrt >=10.0.20348.0
  - vc >=14.2,<15
  - vc14_runtime >=14.29.30139
  license: Unlicense
  size: 1081292
  timestamp: 1742083956001
- conda: https://conda.anaconda.org/conda-forge/win-64/libtorch-2.6.0-cpu_mkl_hf54a72f_104.conda
  sha256: 3529f19a0e868482d4c182d48c349e51083ba4e77bae789d52c56ad7c9d5eb6c
  md5: 66b76a05d76fd717beab8b3429c7c8ee
  depends:
  - intel-openmp <2025
  - libabseil * cxx17*
  - libabseil >=20250127.1,<20250128.0a0
  - libblas * *mkl
  - libcblas >=3.9.0,<4.0a0
  - libprotobuf >=5.29.3,<5.29.4.0a0
  - libuv >=1.50.0,<2.0a0
  - libzlib >=1.3.1,<2.0a0
  - mkl >=2024.2.2,<2025.0a0
  - sleef >=3.8,<4.0a0
  - ucrt >=10.0.20348.0
  - vc >=14.2,<15
  - vc14_runtime >=14.29.30139
  constrains:
  - pytorch 2.6.0 cpu_mkl_*_104
  - pytorch-gpu <0.0a0
  - pytorch-cpu 2.6.0
  license: BSD-3-Clause
  license_family: BSD
  size: 33651123
  timestamp: 1744240617170
- conda: https://conda.anaconda.org/conda-forge/win-64/libuv-1.50.0-h2466b09_0.conda
  sha256: aeb71b2a2973ffed6d639ace6c1afef1a337836425e637d2320f3166dbaa5c80
  md5: a63a1ec1e8d017d1b9894aed98c419da
  depends:
  - ucrt >=10.0.20348.0
  - vc >=14.2,<15
  - vc14_runtime >=14.29.30139
  license: MIT
  license_family: MIT
  size: 291944
  timestamp: 1737017103042
- conda: https://conda.anaconda.org/conda-forge/win-64/libwinpthread-12.0.0.r4.gg4f2fc60ca-h57928b3_9.conda
  sha256: 373f2973b8a358528b22be5e8d84322c165b4c5577d24d94fd67ad1bb0a0f261
  md5: 08bfa5da6e242025304b206d152479ef
  depends:
  - ucrt
  constrains:
  - pthreads-win32 <0.0a0
  - msys2-conda-epoch <0.0a0
  license: MIT AND BSD-3-Clause-Clear
  size: 35794
  timestamp: 1737099561703
- conda: https://conda.anaconda.org/conda-forge/win-64/libxml2-2.13.7-h442d1da_1.conda
  sha256: 0a013527f784f4702dc18460070d8ec79d1ebb5087dd9e678d6afbeaca68d2ac
  md5: c14ff7f05e57489df9244917d2b55763
  depends:
  - libiconv >=1.18,<2.0a0
  - libzlib >=1.3.1,<2.0a0
  - ucrt >=10.0.20348.0
  - vc >=14.2,<15
  - vc14_runtime >=14.29.30139
  license: MIT
  license_family: MIT
  size: 1513740
  timestamp: 1743795035107
- conda: https://conda.anaconda.org/conda-forge/win-64/libzlib-1.3.1-h2466b09_2.conda
  sha256: ba945c6493449bed0e6e29883c4943817f7c79cbff52b83360f7b341277c6402
  md5: 41fbfac52c601159df6c01f875de31b9
  depends:
  - ucrt >=10.0.20348.0
  - vc >=14.2,<15
  - vc14_runtime >=14.29.30139
  constrains:
  - zlib 1.3.1 *_2
  license: Zlib
  license_family: Other
  size: 55476
  timestamp: 1727963768015
- conda: https://conda.anaconda.org/conda-forge/win-64/markupsafe-3.0.2-py313hb4c8b1a_1.conda
  sha256: f16cb398915f52d582bcea69a16cf69a56dab6ea2fab6f069da9c2c10f09534c
  md5: ec9ecf6ee4cceb73a0c9a8cdfdf58bed
  depends:
  - python >=3.13,<3.14.0a0
  - python_abi 3.13.* *_cp313
  - ucrt >=10.0.20348.0
  - vc >=14.2,<15
  - vc14_runtime >=14.29.30139
  constrains:
  - jinja2 >=3.0.0
  license: BSD-3-Clause
  license_family: BSD
  size: 27930
  timestamp: 1733220059655
- conda: https://conda.anaconda.org/conda-forge/win-64/mkl-2024.2.2-h66d3029_15.conda
  sha256: 20e52b0389586d0b914a49cd286c5ccc9c47949bed60ca6df004d1d295f2edbd
  md5: 302dff2807f2927b3e9e0d19d60121de
  depends:
  - intel-openmp 2024.*
  - tbb 2021.*
  license: LicenseRef-IntelSimplifiedSoftwareOct2022
  license_family: Proprietary
  size: 103106385
  timestamp: 1730232843711
- conda: https://conda.anaconda.org/conda-forge/noarch/mpmath-1.3.0-pyhd8ed1ab_1.conda
  sha256: 7d7aa3fcd6f42b76bd711182f3776a02bef09a68c5f117d66b712a6d81368692
  md5: 3585aa87c43ab15b167b574cd73b057b
  depends:
  - python >=3.9
  license: BSD-3-Clause
  license_family: BSD
  size: 439705
  timestamp: 1733302781386
- conda: https://conda.anaconda.org/conda-forge/noarch/networkx-3.4.2-pyh267e887_2.conda
  sha256: 39625cd0c9747fa5c46a9a90683b8997d8b9649881b3dc88336b13b7bdd60117
  md5: fd40bf7f7f4bc4b647dc8512053d9873
  depends:
  - python >=3.10
  - python
  constrains:
  - numpy >=1.24
  - scipy >=1.10,!=1.11.0,!=1.11.1
  - matplotlib >=3.7
  - pandas >=2.0
  license: BSD-3-Clause
  license_family: BSD
  size: 1265008
  timestamp: 1731521053408
- conda: https://conda.anaconda.org/conda-forge/win-64/numpy-2.2.4-py313hefb8edb_0.conda
  sha256: 6747722f0a62af008d573c9615eadcae849ad07d936cb2d9c8cf8a2d26744098
  md5: c724b713601d87f7157ffb495152e337
  depends:
  - libblas >=3.9.0,<4.0a0
  - libcblas >=3.9.0,<4.0a0
  - liblapack >=3.9.0,<4.0a0
  - python >=3.13,<3.14.0a0
  - python_abi 3.13.* *_cp313
  - ucrt >=10.0.20348.0
  - vc >=14.2,<15
  - vc14_runtime >=14.29.30139
  constrains:
  - numpy-base <0a0
  license: BSD-3-Clause
  license_family: BSD
  size: 7204910
  timestamp: 1742255945595
- conda: https://conda.anaconda.org/conda-forge/win-64/openssl-3.5.0-ha4e3fda_0.conda
  sha256: 43dd7f56da142ca83c614c8b0085589650ae9032b351a901c190e48eefc73675
  md5: 4ea7db75035eb8c13fa680bb90171e08
  depends:
  - ca-certificates
  - ucrt >=10.0.20348.0
  - vc >=14.2,<15
  - vc14_runtime >=14.29.30139
  license: Apache-2.0
  license_family: Apache
  size: 8999138
  timestamp: 1744135594688
- conda: https://conda.anaconda.org/conda-forge/win-64/optree-0.15.0-py313h1ec8472_0.conda
  sha256: 776419aa0705cfab738576b253a57bc353d22919e2dd6c8bb62c145b445b323b
  md5: 0daa31bb64e5697c936786f9dcf99b3c
  depends:
  - python >=3.13,<3.14.0a0
  - python_abi 3.13.* *_cp313
  - typing-extensions >=4.5
  - ucrt >=10.0.20348.0
  - vc >=14.2,<15
  - vc14_runtime >=14.29.30139
  license: Apache-2.0
  license_family: Apache
  size: 345013
  timestamp: 1744034663150
- conda: https://conda.anaconda.org/conda-forge/noarch/pixi-pycharm-0.0.8-win_1234567_0.conda
  sha256: 6ee9dbad2c363faefea73e21370301e16290a2a88230787267e4f34b67ca40e8
  md5: 352a583506f7ac90d984e9a501e500f7
  depends:
  - __win
  - python >=3.8
  license: BSD-3-Clause
  license_family: BSD
  size: 8671
  timestamp: 1728816803806
- conda: https://conda.anaconda.org/conda-forge/noarch/pybind11-2.13.6-pyh1ec8472_2.conda
  sha256: 27f888492af3d5ab19553f263b0015bf3766a334668b5b3a79c7dc0416e603c1
  md5: 8088a5e7b2888c780738c3130f2a969d
  depends:
  - pybind11-global 2.13.6 *_2
  - python
  constrains:
  - pybind11-abi ==4
  license: BSD-3-Clause
  license_family: BSD
  size: 186375
  timestamp: 1730237816231
- conda: https://conda.anaconda.org/conda-forge/noarch/pybind11-global-2.13.6-pyhab904b8_2.conda
  sha256: 49b3c9b5e73bf696e7af9824095eb34e4a74334fc108af06e8739c1fec54ab9a
  md5: 3482d403d3fef1cb2810c53a48548185
  depends:
  - __win
  - python
  constrains:
  - pybind11-abi ==4
  license: BSD-3-Clause
  license_family: BSD
  size: 182337
  timestamp: 1730237499231
- conda: https://conda.anaconda.org/conda-forge/win-64/python-3.13.3-h261c0b1_100_cp313.conda
  build_number: 100
  sha256: ff03ad000485d565ca23f4d871b994f9fd4388349d6458293bd5d605f0b9ea29
  md5: 73aef991d40cedc8696fdd2791800c14
  depends:
  - bzip2 >=1.0.8,<2.0a0
  - libexpat >=2.7.0,<3.0a0
  - libffi >=3.4.6,<3.5.0a0
  - liblzma >=5.8.1,<6.0a0
  - libmpdec >=4.0.0,<5.0a0
  - libsqlite >=3.49.1,<4.0a0
  - libzlib >=1.3.1,<2.0a0
  - openssl >=3.5.0,<4.0a0
  - python_abi 3.13.* *_cp313
  - tk >=8.6.13,<8.7.0a0
  - tzdata
  - ucrt >=10.0.20348.0
  - vc >=14.2,<15
  - vc14_runtime >=14.29.30139
  license: Python-2.0
  size: 16770159
  timestamp: 1744323549363
  python_site_packages_path: Lib/site-packages
- conda: https://conda.anaconda.org/conda-forge/win-64/python_abi-3.13-6_cp313.conda
  build_number: 6
  sha256: 0816298ff9928059d3a0c647fda7de337a2364b26c974622d1a8a6435bb04ae6
  md5: e1746f65158fa51d5367ec02547db248
  constrains:
  - python 3.13.* *_cp313
  license: BSD-3-Clause
  license_family: BSD
  size: 7361
  timestamp: 1743483194308
- conda: https://conda.anaconda.org/conda-forge/win-64/pytorch-2.6.0-cpu_mkl_py313_hec26e21_104.conda
  sha256: c81de44f998cdffecabaa98d1313b432c67bdb60f2811ced0bdad2bf405168e3
  md5: 5761b25fcabf2136f7e4bbb22145b479
  depends:
  - filelock
  - fsspec
  - intel-openmp <2025
  - jinja2
  - libabseil * cxx17*
  - libabseil >=20250127.1,<20250128.0a0
  - libblas * *mkl
  - libcblas >=3.9.0,<4.0a0
  - libprotobuf >=5.29.3,<5.29.4.0a0
  - libtorch 2.6.0 cpu_mkl_hf54a72f_104
  - libuv >=1.50.0,<2.0a0
  - libzlib >=1.3.1,<2.0a0
  - mkl >=2024.2.2,<2025.0a0
  - networkx
  - numpy >=1.21,<3
  - optree >=0.13.0
  - pybind11
  - python >=3.13,<3.14.0a0
  - python_abi 3.13.* *_cp313
  - setuptools <76
  - sleef >=3.8,<4.0a0
  - sympy >=1.13.1,!=1.13.2
  - typing_extensions >=4.10.0
  - ucrt >=10.0.20348.0
  - vc >=14.2,<15
  - vc14_runtime >=14.29.30139
  constrains:
  - pytorch-gpu <0.0a0
  - pytorch-cpu 2.6.0
  license: BSD-3-Clause
  license_family: BSD
  size: 26577076
  timestamp: 1744243595538
- conda: https://conda.anaconda.org/conda-forge/noarch/setuptools-75.8.2-pyhff2d567_0.conda
  sha256: 91d664ace7c22e787775069418daa9f232ee8bafdd0a6a080a5ed2395a6fa6b2
  md5: 9bddfdbf4e061821a1a443f93223be61
  depends:
  - python >=3.9
  license: MIT
  license_family: MIT
  size: 777736
  timestamp: 1740654030775
- conda: https://conda.anaconda.org/conda-forge/win-64/sleef-3.8-h7e360cc_0.conda
  sha256: fc697f95797f5638baf68bb694cf461373fc36960a9d9d5260a20a21765b8148
  md5: 3ed2f55668830f6f5bcff16875c18db0
  depends:
  - ucrt >=10.0.20348.0
  - vc >=14.2,<15
  - vc14_runtime >=14.29.30139
  license: BSL-1.0
  size: 2098929
  timestamp: 1738089785163
- conda: https://conda.anaconda.org/conda-forge/noarch/sympy-1.13.3-pyh04b8f61_5.conda
  sha256: 07fcf6ad8d700e530bada93404892df83f927b3513ebb4ba2b474c90c129058e
  md5: 1ae317a5e9a75da334ace7c8e6a4d9af
  depends:
  - mpmath >=0.19
  - python >=3.9
  license: BSD-3-Clause
  license_family: BSD
  size: 4535347
  timestamp: 1736248344021
- conda: https://conda.anaconda.org/conda-forge/win-64/tbb-2021.13.0-h62715c5_1.conda
  sha256: 03cc5442046485b03dd1120d0f49d35a7e522930a2ab82f275e938e17b07b302
  md5: 9190dd0a23d925f7602f9628b3aed511
  depends:
  - libhwloc >=2.11.2,<2.11.3.0a0
  - ucrt >=10.0.20348.0
  - vc >=14.2,<15
  - vc14_runtime >=14.29.30139
  license: Apache-2.0
  license_family: APACHE
  size: 151460
  timestamp: 1732982860332
- conda: https://conda.anaconda.org/conda-forge/win-64/tk-8.6.13-h5226925_1.conda
  sha256: 2c4e914f521ccb2718946645108c9bd3fc3216ba69aea20c2c3cedbd8db32bb1
  md5: fc048363eb8f03cd1737600a5d08aafe
  depends:
  - ucrt >=10.0.20348.0
  - vc >=14.2,<15
  - vc14_runtime >=14.29.30139
  license: TCL
  license_family: BSD
  size: 3503410
  timestamp: 1699202577803
- conda: https://conda.anaconda.org/conda-forge/noarch/typing-extensions-4.13.2-h0e9735f_0.conda
  sha256: 4865fce0897d3cb0ffc8998219157a8325f6011c136e6fd740a9a6b169419296
  md5: 568ed1300869dca0ba09fb750cda5dbb
  depends:
  - typing_extensions ==4.13.2 pyh29332c3_0
  license: PSF-2.0
  license_family: PSF
  size: 89900
  timestamp: 1744302253997
- conda: https://conda.anaconda.org/conda-forge/noarch/typing_extensions-4.13.2-pyh29332c3_0.conda
  sha256: a8aaf351e6461de0d5d47e4911257e25eec2fa409d71f3b643bb2f748bde1c08
  md5: 83fc6ae00127671e301c9f44254c31b8
  depends:
  - python >=3.9
  - python
  license: PSF-2.0
  license_family: PSF
  size: 52189
  timestamp: 1744302253997
- conda: https://conda.anaconda.org/conda-forge/noarch/tzdata-2025b-h78e105d_0.conda
  sha256: 5aaa366385d716557e365f0a4e9c3fca43ba196872abbbe3d56bb610d131e192
  md5: 4222072737ccff51314b5ece9c7d6f5a
  license: LicenseRef-Public-Domain
  size: 122968
  timestamp: 1742727099393
- conda: https://conda.anaconda.org/conda-forge/win-64/ucrt-10.0.22621.0-h57928b3_1.conda
  sha256: db8dead3dd30fb1a032737554ce91e2819b43496a0db09927edf01c32b577450
  md5: 6797b005cd0f439c4c5c9ac565783700
  constrains:
  - vs2015_runtime >=14.29.30037
  license: LicenseRef-MicrosoftWindowsSDK10
  size: 559710
  timestamp: 1728377334097
- conda: https://conda.anaconda.org/conda-forge/win-64/vc-14.3-h2b53caa_26.conda
  sha256: 7a685b5c37e9713fa314a0d26b8b1d7a2e6de5ab758698199b5d5b6dba2e3ce1
  md5: d3f0381e38093bde620a8d85f266ae55
  depends:
  - vc14_runtime >=14.42.34433
  track_features:
  - vc14
  license: BSD-3-Clause
  license_family: BSD
  size: 17893
  timestamp: 1743195261486
- conda: https://conda.anaconda.org/conda-forge/win-64/vc14_runtime-14.42.34438-hfd919c2_26.conda
  sha256: 30dcb71bb166e351aadbdc18f1718757c32cdaa0e1e5d9368469ee44f6bf4709
  md5: 91651a36d31aa20c7ba36299fb7068f4
  depends:
  - ucrt >=10.0.20348.0
  constrains:
  - vs2015_runtime 14.42.34438.* *_26
  license: LicenseRef-MicrosoftVisualCpp2015-2022Runtime
  license_family: Proprietary
  size: 750733
  timestamp: 1743195092905
